
Microsoft Visual Studio Solution File, Format Version 12.00
# Visual Studio Version 16
VisualStudioVersion = 16.0.31205.134
MinimumVisualStudioVersion = 10.0.40219.1
Project("{FAE04EC0-301F-11D3-BF4B-00C04F79EFBC}") = "2048", "2048-WPF\2048.csproj", "{9CEAC8E9-B9E3-4582-8094-CAFA94AAFE69}"
EndProject
Global
	GlobalSection(SolutionConfigurationPlatforms) = preSolution
		Debug|Any CPU = Debug|Any CPU
		Release|Any CPU = Release|Any CPU
	EndGlobalSection
	GlobalSection(ProjectConfigurationPlatforms) = postSolution
		{9CEAC8E9-B9E3-4582-8094-CAFA94AAFE69}.Debug|Any CPU.ActiveCfg = Debug|Any CPU
		{9CEAC8E9-B9E3-4582-8094-CAFA94AAFE69}.Debug|Any CPU.Build.0 = Debug|Any CPU
		{9CEAC8E9-B9E3-4582-8094-CAFA94AAFE69}.Release|Any CPU.ActiveCfg = Release|Any CPU
		{9CEAC8E9-B9E3-4582-8094-CAFA94AAFE69}.Release|Any CPU.Build.0 = Release|Any CPU
	EndGlobalSection
	GlobalSection(SolutionProperties) = preSolution
		HideSolutionNode = FALSE
	EndGlobalSection
	GlobalSection(ExtensibilityGlobals) = postSolution
		SolutionGuid = {D1818E98-6E5F-423E-9F35-5FC66E03A8AB}
	EndGlobalSection
EndGlobal
